// !$*UTF8*$!
{
	archiveVersion = 1;
	classes = {
	};
	objectVersion = 77;
	objects = {

/* Begin PBXBuildFile section */
		DC00000000000000000053 /* HeistCore in Frameworks */ = {isa = PBXBuildFile; productRef = DC00000000000000000051 /* HeistCore */; };
		DC00000000000000000054 /* HeistKit in Frameworks */ = {isa = PBXBuildFile; productRef = DC00000000000000000052 /* HeistKit */; };
/* End PBXBuildFile section */

/* Begin PBXContainerItemProxy section */
		DC00000000000000000036 /* PBXContainerItemProxy */ = {
			isa = PBXContainerItemProxy;
			containerPortal = DC00000000000000000002 /* Project object */;
			proxyType = 1;
			remoteGlobalIDString = DC0000000000000000000B;
			remoteInfo = DerClou;
		};
/* End PBXContainerItemProxy section */

/* Begin PBXFileReference section */
		DC0000000000000000000C /* DerClou.app */ = {isa = PBXFileReference; explicitFileType = wrapper.application; includeInIndex = 0; path = DerClou.app; sourceTree = BUILT_PRODUCTS_DIR; };
		DC00000000000000000022 /* DerClouTests.xctest */ = {isa = PBXFileReference; explicitFileType = wrapper.cfbundle; includeInIndex = 0; path = DerClouTests.xctest; sourceTree = BUILT_PRODUCTS_DIR; };
/* End PBXFileReference section */

/* Begin PBXFileSystemSynchronizedBuildFileExceptionSet section */
		DC0000000000000000000E /* Exceptions for "DerClouApp" folder in "DerClou" target */ = {
			isa = PBXFileSystemSynchronizedBuildFileExceptionSet;
			membershipExceptions = (
				Info.plist,
			);
			target = DC0000000000000000000B /* DerClou */;
		};
/* End PBXFileSystemSynchronizedBuildFileExceptionSet section */

/* Begin PBXFileSystemSynchronizedRootGroup section */
		DC0000000000000000000A /* DerClouApp */ = {
			isa = PBXFileSystemSynchronizedRootGroup;
			exceptions = (
				DC0000000000000000000E /* Exceptions for "DerClouApp" folder in "DerClou" target */,
			);
			path = DerClouApp;
			sourceTree = "<group>";
		};
		DC00000000000000000020 /* DerClouTests */ = {
			isa = PBXFileSystemSynchronizedRootGroup;
			path = DerClouTests;
			sourceTree = "<group>";
		};
/* End PBXFileSystemSynchronizedRootGroup section */

/* Begin PBXFrameworksBuildPhase section */
		DC00000000000000000010 /* Frameworks */ = {
			isa = PBXFrameworksBuildPhase;
			buildActionMask = 2147483647;
			files = (
				DC00000000000000000053 /* HeistCore in Frameworks */,
				DC00000000000000000054 /* HeistKit in Frameworks */,
			);
			runOnlyForDeploymentPostprocessing = 0;
		};
		DC00000000000000000024 /* Frameworks */ = {
			isa = PBXFrameworksBuildPhase;
			buildActionMask = 2147483647;
			files = (
			);
			runOnlyForDeploymentPostprocessing = 0;
		};
/* End PBXFrameworksBuildPhase section */

/* Begin PBXGroup section */
		DC00000000000000000001 = {
			isa = PBXGroup;
			children = (
				DC0000000000000000000A /* DerClouApp */,
				DC00000000000000000020 /* DerClouTests */,
				DC0000000000000000000D /* Products */,
			);
			sourceTree = "<group>";
		};
		DC0000000000000000000D /* Products */ = {
			isa = PBXGroup;
			children = (
				DC0000000000000000000C /* DerClou.app */,
				DC00000000000000000022 /* DerClouTests.xctest */,
			);
			name = Products;
			sourceTree = "<group>";
		};
/* End PBXGroup section */

/* Begin PBXNativeTarget section */
		DC0000000000000000000B /* DerClou */ = {
			isa = PBXNativeTarget;
			buildConfigurationList = DC00000000000000000013 /* Build configuration list for PBXNativeTarget "DerClou" */;
			buildPhases = (
				DC0000000000000000000F /* Sources */,
				DC00000000000000000010 /* Frameworks */,
				DC00000000000000000011 /* Resources */,
			);
			buildRules = (
			);
			dependencies = (
			);
			fileSystemSynchronizedGroups = (
				DC0000000000000000000A /* DerClouApp */,
			);
			name = DerClou;
			packageProductDependencies = (
				DC00000000000000000051 /* HeistCore */,
				DC00000000000000000052 /* HeistKit */,
			);
			productName = DerClou;
			productReference = DC0000000000000000000C /* DerClou.app */;
			productType = "com.apple.product-type.application";
		};
		DC00000000000000000028 /* DerClouTests */ = {
			isa = PBXNativeTarget;
			buildConfigurationList = DC00000000000000000030 /* Build configuration list for PBXNativeTarget "DerClouTests" */;
			buildPhases = (
				DC00000000000000000026 /* Sources */,
				DC00000000000000000024 /* Frameworks */,
			);
			buildRules = (
			);
			dependencies = (
				DC00000000000000000034 /* PBXTargetDependency */,
			);
			fileSystemSynchronizedGroups = (
				DC00000000000000000020 /* DerClouTests */,
			);
			name = DerClouTests;
			productName = DerClouTests;
			productReference = DC00000000000000000022 /* DerClouTests.xctest */;
			productType = "com.apple.product-type.bundle.unit-test";
		};
/* End PBXNativeTarget section */

/* Begin PBXProject section */
		DC00000000000000000002 /* Project object */ = {
			isa = PBXProject;
			attributes = {
				BuildIndependentTargetsInParallel = 1;
				LastSwiftUpdateCheck = 2700;
				LastUpgradeCheck = 2700;
				TargetAttributes = {
					DC0000000000000000000B = {
						CreatedOnToolsVersion = 27.0;
					};
					DC00000000000000000028 = {
						CreatedOnToolsVersion = 27.0;
						TestTargetID = DC0000000000000000000B;
					};
				};
			};
			buildConfigurationList = DC00000000000000000003 /* Build configuration list for PBXProject "DerClou" */;
			developmentRegion = en;
			hasScannedForEncodings = 0;
			knownRegions = (
				en,
				Base,
			);
			mainGroup = DC00000000000000000001;
			minimizedProjectReferenceProxies = 1;
			packageReferences = (
				DC00000000000000000050 /* XCLocalSwiftPackageReference "Packages/HeistEngine" */,
			);
			preferredProjectObjectVersion = 77;
			productRefGroup = DC0000000000000000000D /* Products */;
			projectDirPath = "";
			projectRoot = "";
			targets = (
				DC0000000000000000000B /* DerClou */,
				DC00000000000000000028 /* DerClouTests */,
			);
		};
/* End PBXProject section */

/* Begin PBXResourcesBuildPhase section */
		DC00000000000000000011 /* Resources */ = {
			isa = PBXResourcesBuildPhase;
			buildActionMask = 2147483647;
			files = (
			);
			runOnlyForDeploymentPostprocessing = 0;
		};
/* End PBXResourcesBuildPhase section */

/* Begin PBXSourcesBuildPhase section */
		DC0000000000000000000F /* Sources */ = {
			isa = PBXSourcesBuildPhase;
			buildActionMask = 2147483647;
			files = (
			);
			runOnlyForDeploymentPostprocessing = 0;
		};
		DC00000000000000000026 /* Sources */ = {
			isa = PBXSourcesBuildPhase;
			buildActionMask = 2147483647;
			files = (
			);
			runOnlyForDeploymentPostprocessing = 0;
		};
/* End PBXSourcesBuildPhase section */

/* Begin PBXTargetDependency section */
		DC00000000000000000034 /* PBXTargetDependency */ = {
			isa = PBXTargetDependency;
			target = DC0000000000000000000B /* DerClou */;
			targetProxy = DC00000000000000000036 /* PBXContainerItemProxy */;
		};
/* End PBXTargetDependency section */

/* Begin XCBuildConfiguration section */
		DC00000000000000000004 /* Debug */ = {
			isa = XCBuildConfiguration;
			buildSettings = {
				ALWAYS_SEARCH_USER_PATHS = NO;
				CLANG_ANALYZER_NONNULL = YES;
				CLANG_ANALYZER_NUMBER_OBJECT_CONVERSION = YES_AGGRESSIVE;
				CLANG_ENABLE_MODULES = YES;
				CLANG_ENABLE_OBJC_ARC = YES;
				CLANG_WARN_BOOL_CONVERSION = YES;
				CLANG_WARN_DOCUMENTATION_COMMENTS = YES;
				CLANG_WARN_EMPTY_BODY = YES;
				CLANG_WARN_UNREACHABLE_CODE = YES;
				COPY_PHASE_STRIP = NO;
				DEBUG_INFORMATION_FORMAT = dwarf;
				ENABLE_STRICT_OBJC_MSGSEND = YES;
				ENABLE_TESTABILITY = YES;
				ENABLE_USER_SCRIPT_SANDBOXING = YES;
				GCC_C_LANGUAGE_STANDARD = gnu17;
				GCC_DYNAMIC_NO_PIC = NO;
				GCC_NO_COMMON_BLOCKS = YES;
				GCC_OPTIMIZATION_LEVEL = 0;
				GCC_PREPROCESSOR_DEFINITIONS = (
					"DEBUG=1",
					"$(inherited)",
				);
				GCC_WARN_UNDECLARED_SELECTOR = YES;
				GCC_WARN_UNINITIALIZED_AUTOS = YES_AGGRESSIVE;
				GCC_WARN_UNUSED_FUNCTION = YES;
				GCC_WARN_UNUSED_VARIABLE = YES;
				IPHONEOS_DEPLOYMENT_TARGET = 18.0;
				LOCALIZATION_PREFERS_STRING_CATALOGS = YES;
				MTL_ENABLE_DEBUG_INFO = INCLUDE_SOURCE;
				MTL_FAST_MATH = YES;
				ONLY_ACTIVE_ARCH = YES;
				SDKROOT = iphoneos;
				SWIFT_ACTIVE_COMPILATION_CONDITIONS = "DEBUG $(inherited)";
				SWIFT_OPTIMIZATION_LEVEL = "-Onone";
				SWIFT_VERSION = 5.0;
			};
			name = Debug;
		};
		DC00000000000000000005 /* Release */ = {
			isa = XCBuildConfiguration;
			buildSettings = {
				ALWAYS_SEARCH_USER_PATHS = NO;
				CLANG_ANALYZER_NONNULL = YES;
				CLANG_ANALYZER_NUMBER_OBJECT_CONVERSION = YES_AGGRESSIVE;
				CLANG_ENABLE_MODULES = YES;
				CLANG_ENABLE_OBJC_ARC = YES;
				CLANG_WARN_BOOL_CONVERSION = YES;
				CLANG_WARN_DOCUMENTATION_COMMENTS = YES;
				CLANG_WARN_EMPTY_BODY = YES;
				CLANG_WARN_UNREACHABLE_CODE = YES;
				COPY_PHASE_STRIP = NO;
				DEBUG_INFORMATION_FORMAT = "dwarf-with-dsym";
				ENABLE_NS_ASSERTIONS = NO;
				ENABLE_STRICT_OBJC_MSGSEND = YES;
				ENABLE_USER_SCRIPT_SANDBOXING = YES;
				GCC_C_LANGUAGE_STANDARD = gnu17;
				GCC_NO_COMMON_BLOCKS = YES;
				GCC_WARN_UNDECLARED_SELECTOR = YES;
				GCC_WARN_UNINITIALIZED_AUTOS = YES_AGGRESSIVE;
				GCC_WARN_UNUSED_FUNCTION = YES;
				GCC_WARN_UNUSED_VARIABLE = YES;
				IPHONEOS_DEPLOYMENT_TARGET = 18.0;
				LOCALIZATION_PREFERS_STRING_CATALOGS = YES;
				MTL_ENABLE_DEBUG_INFO = NO;
				MTL_FAST_MATH = YES;
				SDKROOT = iphoneos;
				SWIFT_COMPILATION_MODE = wholemodule;
				SWIFT_VERSION = 5.0;
				VALIDATE_PRODUCT = YES;
			};
			name = Release;
		};
		DC00000000000000000014 /* Debug */ = {
			isa = XCBuildConfiguration;
			buildSettings = {
				CODE_SIGN_STYLE = Automatic;
				CURRENT_PROJECT_VERSION = 1;
				DEVELOPMENT_TEAM = K3Q8WG53V3;
				ENABLE_PREVIEWS = YES;
				GENERATE_INFOPLIST_FILE = NO;
				INFOPLIST_FILE = DerClouApp/Info.plist;
				INFOPLIST_KEY_LSApplicationCategoryType = "public.app-category.games";
				LD_RUNPATH_SEARCH_PATHS = (
					"$(inherited)",
					"@executable_path/Frameworks",
				);
				MARKETING_VERSION = 0.1;
				PRODUCT_BUNDLE_IDENTIFIER = com.exrector.DerClou;
				PRODUCT_NAME = "$(TARGET_NAME)";
				SWIFT_EMIT_LOC_STRINGS = YES;
				SWIFT_VERSION = 5.0;
				TARGETED_DEVICE_FAMILY = 1;
			};
			name = Debug;
		};
		DC00000000000000000015 /* Release */ = {
			isa = XCBuildConfiguration;
			buildSettings = {
				CODE_SIGN_STYLE = Automatic;
				CURRENT_PROJECT_VERSION = 1;
				DEVELOPMENT_TEAM = K3Q8WG53V3;
				ENABLE_PREVIEWS = YES;
				GENERATE_INFOPLIST_FILE = NO;
				INFOPLIST_FILE = DerClouApp/Info.plist;
				INFOPLIST_KEY_LSApplicationCategoryType = "public.app-category.games";
				LD_RUNPATH_SEARCH_PATHS = (
					"$(inherited)",
					"@executable_path/Frameworks",
				);
				MARKETING_VERSION = 0.1;
				PRODUCT_BUNDLE_IDENTIFIER = com.exrector.DerClou;
				PRODUCT_NAME = "$(TARGET_NAME)";
				SWIFT_EMIT_LOC_STRINGS = YES;
				SWIFT_VERSION = 5.0;
				TARGETED_DEVICE_FAMILY = 1;
			};
			name = Release;
		};
		DC00000000000000000040 /* Debug */ = {
			isa = XCBuildConfiguration;
			buildSettings = {
				BUNDLE_LOADER = "$(TEST_HOST)";
				CODE_SIGN_STYLE = Automatic;
				CURRENT_PROJECT_VERSION = 1;
				DEVELOPMENT_TEAM = K3Q8WG53V3;
				GENERATE_INFOPLIST_FILE = YES;
				MARKETING_VERSION = 0.1;
				PRODUCT_BUNDLE_IDENTIFIER = com.exrector.DerClouTests;
				PRODUCT_NAME = "$(TARGET_NAME)";
				SWIFT_EMIT_LOC_STRINGS = NO;
				SWIFT_VERSION = 5.0;
				TARGETED_DEVICE_FAMILY = 1;
				TEST_HOST = "$(BUILT_PRODUCTS_DIR)/DerClou.app/$(BUNDLE_EXECUTABLE_FOLDER_PATH)/DerClou";
			};
			name = Debug;
		};
		DC00000000000000000041 /* Release */ = {
			isa = XCBuildConfiguration;
			buildSettings = {
				BUNDLE_LOADER = "$(TEST_HOST)";
				CODE_SIGN_STYLE = Automatic;
				CURRENT_PROJECT_VERSION = 1;
				DEVELOPMENT_TEAM = K3Q8WG53V3;
				GENERATE_INFOPLIST_FILE = YES;
				MARKETING_VERSION = 0.1;
				PRODUCT_BUNDLE_IDENTIFIER = com.exrector.DerClouTests;
				PRODUCT_NAME = "$(TARGET_NAME)";
				SWIFT_EMIT_LOC_STRINGS = NO;
				SWIFT_VERSION = 5.0;
				TARGETED_DEVICE_FAMILY = 1;
				TEST_HOST = "$(BUILT_PRODUCTS_DIR)/DerClou.app/$(BUNDLE_EXECUTABLE_FOLDER_PATH)/DerClou";
			};
			name = Release;
		};
/* End XCBuildConfiguration section */

/* Begin XCConfigurationList section */
		DC00000000000000000003 /* Build configuration list for PBXProject "DerClou" */ = {
			isa = XCConfigurationList;
			buildConfigurations = (
				DC00000000000000000004 /* Debug */,
				DC00000000000000000005 /* Release */,
			);
			defaultConfigurationIsVisible = 0;
			defaultConfigurationName = Release;
		};
		DC00000000000000000013 /* Build configuration list for PBXNativeTarget "DerClou" */ = {
			isa = XCConfigurationList;
			buildConfigurations = (
				DC00000000000000000014 /* Debug */,
				DC00000000000000000015 /* Release */,
			);
			defaultConfigurationIsVisible = 0;
			defaultConfigurationName = Release;
		};
		DC00000000000000000030 /* Build configuration list for PBXNativeTarget "DerClouTests" */ = {
			isa = XCConfigurationList;
			buildConfigurations = (
				DC00000000000000000040 /* Debug */,
				DC00000000000000000041 /* Release */,
			);
			defaultConfigurationIsVisible = 0;
			defaultConfigurationName = Release;
		};
/* End XCConfigurationList section */

/* Begin XCLocalSwiftPackageReference section */
		DC00000000000000000050 /* XCLocalSwiftPackageReference "Packages/HeistEngine" */ = {
			isa = XCLocalSwiftPackageReference;
			relativePath = Packages/HeistEngine;
		};
/* End XCLocalSwiftPackageReference section */

/* Begin XCSwiftPackageProductDependency section */
		DC00000000000000000051 /* HeistCore */ = {
			isa = XCSwiftPackageProductDependency;
			productName = HeistCore;
		};
		DC00000000000000000052 /* HeistKit */ = {
			isa = XCSwiftPackageProductDependency;
			productName = HeistKit;
		};
/* End XCSwiftPackageProductDependency section */
	};
	rootObject = DC00000000000000000002 /* Project object */;
}
